
Microsoft Visual Studio Solution File, Format Version 12.00
# Visual Studio Version 16
VisualStudioVersion = 16.0.31624.102
MinimumVisualStudioVersion = 10.0.40219.1
Project("{9A19103F-16F7-4668-BE54-9A1E7A4F7556}") = "WebApplication2", "WebApplication2\WebApplication2.csproj", "{0CBB50AC-2C35-43DD-9EBD-67ACDFDF8950}"
EndProject
Project("{9A19103F-16F7-4668-BE54-9A1E7A4F7556}") = "Assignment1", "..\Assignment1\Assignment1\Assignment1.csproj", "{F582DC9D-7460-4881-B17D-F28D3A11D3E8}"
EndProject
Global
	GlobalSection(SolutionConfigurationPlatforms) = preSolution
		Debug|Any CPU = Debug|Any CPU
		Release|Any CPU = Release|Any CPU
	EndGlobalSection
	GlobalSection(ProjectConfigurationPlatforms) = postSolution
		{0CBB50AC-2C35-43DD-9EBD-67ACDFDF8950}.Debug|Any CPU.ActiveCfg = Debug|Any CPU
		{0CBB50AC-2C35-43DD-9EBD-67ACDFDF8950}.Debug|Any CPU.Build.0 = Debug|Any CPU
		{0CBB50AC-2C35-43DD-9EBD-67ACDFDF8950}.Release|Any CPU.ActiveCfg = Release|Any CPU
		{0CBB50AC-2C35-43DD-9EBD-67ACDFDF8950}.Release|Any CPU.Build.0 = Release|Any CPU
		{F582DC9D-7460-4881-B17D-F28D3A11D3E8}.Debug|Any CPU.ActiveCfg = Debug|Any CPU
		{F582DC9D-7460-4881-B17D-F28D3A11D3E8}.Debug|Any CPU.Build.0 = Debug|Any CPU
		{F582DC9D-7460-4881-B17D-F28D3A11D3E8}.Release|Any CPU.ActiveCfg = Release|Any CPU
		{F582DC9D-7460-4881-B17D-F28D3A11D3E8}.Release|Any CPU.Build.0 = Release|Any CPU
	EndGlobalSection
	GlobalSection(SolutionProperties) = preSolution
		HideSolutionNode = FALSE
	EndGlobalSection
	GlobalSection(ExtensibilityGlobals) = postSolution
		SolutionGuid = {28928611-FDFC-43DA-9B7B-4EADB691C7E6}
	EndGlobalSection
EndGlobal
